
Microsoft Visual Studio Solution File, Format Version 12.00
# Visual Studio Version 17
VisualStudioVersion = 17.1.32407.343
MinimumVisualStudioVersion = 10.0.40219.1
Project("{FAE04EC0-301F-11D3-BF4B-00C04F79EFBC}") = "KOA", "KOA.csproj", "{5055507C-AC4B-4672-A349-CB2F20F5CC77}"
EndProject
Project("{FAE04EC0-301F-11D3-BF4B-00C04F79EFBC}") = "KUC", "..\KUC\KUC.csproj", "{0C7E06DB-5688-4461-ABA0-E91460070524}"
EndProject
Global
	GlobalSection(SolutionConfigurationPlatforms) = preSolution
		Debug|Any CPU = Debug|Any CPU
		Release|Any CPU = Release|Any CPU
	EndGlobalSection
	GlobalSection(ProjectConfigurationPlatforms) = postSolution
		{5055507C-AC4B-4672-A349-CB2F20F5CC77}.Debug|Any CPU.ActiveCfg = Debug|Any CPU
		{5055507C-AC4B-4672-A349-CB2F20F5CC77}.Debug|Any CPU.Build.0 = Debug|Any CPU
		{5055507C-AC4B-4672-A349-CB2F20F5CC77}.Release|Any CPU.ActiveCfg = Release|Any CPU
		{5055507C-AC4B-4672-A349-CB2F20F5CC77}.Release|Any CPU.Build.0 = Release|Any CPU
		{0C7E06DB-5688-4461-ABA0-E91460070524}.Debug|Any CPU.ActiveCfg = Debug|Any CPU
		{0C7E06DB-5688-4461-ABA0-E91460070524}.Debug|Any CPU.Build.0 = Debug|Any CPU
		{0C7E06DB-5688-4461-ABA0-E91460070524}.Release|Any CPU.ActiveCfg = Release|Any CPU
		{0C7E06DB-5688-4461-ABA0-E91460070524}.Release|Any CPU.Build.0 = Release|Any CPU
	EndGlobalSection
	GlobalSection(SolutionProperties) = preSolution
		HideSolutionNode = FALSE
	EndGlobalSection
	GlobalSection(ExtensibilityGlobals) = postSolution
		SolutionGuid = {C846964F-D1BC-43A9-BF50-EDC541BD0A70}
	EndGlobalSection
EndGlobal
